
Microsoft Visual Studio Solution File, Format Version 12.00
# Visual Studio Version 16
VisualStudioVersion = 16.0.30309.148
MinimumVisualStudioVersion = 10.0.40219.1
Project("{9A19103F-16F7-4668-BE54-9A1E7A4F7556}") = "Dayoff.WebAPI", "Dayoff.WebAPI\Dayoff.WebAPI.csproj", "{DB5F7A9B-3DA8-4801-A5F7-6A117957BA5F}"
EndProject
Project("{9A19103F-16F7-4668-BE54-9A1E7A4F7556}") = "Dayoff.BLL", "Dayoff.BLL\Dayoff.BLL.csproj", "{8027D12C-187D-49DE-AEFC-83257364C461}"
EndProject
Project("{9A19103F-16F7-4668-BE54-9A1E7A4F7556}") = "Dayoff.DAL", "Dayoff.DAL\Dayoff.DAL.csproj", "{DD4073E8-6259-47A6-BD5D-918539FA60D6}"
EndProject
Global
	GlobalSection(SolutionConfigurationPlatforms) = preSolution
		Debug|Any CPU = Debug|Any CPU
		Release|Any CPU = Release|Any CPU
	EndGlobalSection
	GlobalSection(ProjectConfigurationPlatforms) = postSolution
		{DB5F7A9B-3DA8-4801-A5F7-6A117957BA5F}.Debug|Any CPU.ActiveCfg = Debug|Any CPU
		{DB5F7A9B-3DA8-4801-A5F7-6A117957BA5F}.Debug|Any CPU.Build.0 = Debug|Any CPU
		{DB5F7A9B-3DA8-4801-A5F7-6A117957BA5F}.Release|Any CPU.ActiveCfg = Release|Any CPU
		{DB5F7A9B-3DA8-4801-A5F7-6A117957BA5F}.Release|Any CPU.Build.0 = Release|Any CPU
		{8027D12C-187D-49DE-AEFC-83257364C461}.Debug|Any CPU.ActiveCfg = Debug|Any CPU
		{8027D12C-187D-49DE-AEFC-83257364C461}.Debug|Any CPU.Build.0 = Debug|Any CPU
		{8027D12C-187D-49DE-AEFC-83257364C461}.Release|Any CPU.ActiveCfg = Release|Any CPU
		{8027D12C-187D-49DE-AEFC-83257364C461}.Release|Any CPU.Build.0 = Release|Any CPU
		{DD4073E8-6259-47A6-BD5D-918539FA60D6}.Debug|Any CPU.ActiveCfg = Debug|Any CPU
		{DD4073E8-6259-47A6-BD5D-918539FA60D6}.Debug|Any CPU.Build.0 = Debug|Any CPU
		{DD4073E8-6259-47A6-BD5D-918539FA60D6}.Release|Any CPU.ActiveCfg = Release|Any CPU
		{DD4073E8-6259-47A6-BD5D-918539FA60D6}.Release|Any CPU.Build.0 = Release|Any CPU
	EndGlobalSection
	GlobalSection(SolutionProperties) = preSolution
		HideSolutionNode = FALSE
	EndGlobalSection
	GlobalSection(ExtensibilityGlobals) = postSolution
		SolutionGuid = {05589001-49A5-45C5-9D54-21C2C850006E}
	EndGlobalSection
EndGlobal
