
Microsoft Visual Studio Solution File, Format Version 12.00
# Visual Studio Version 16
VisualStudioVersion = 16.0.30309.148
MinimumVisualStudioVersion = 10.0.40219.1
Project("{FAE04EC0-301F-11D3-BF4B-00C04F79EFBC}") = "Dayoff_back", "Dayoff_back\Dayoff_back.csproj", "{350E84C6-1EBC-4F83-B22F-B45F906891BA}"
EndProject
Global
	GlobalSection(SolutionConfigurationPlatforms) = preSolution
		Debug|Any CPU = Debug|Any CPU
		Release|Any CPU = Release|Any CPU
	EndGlobalSection
	GlobalSection(ProjectConfigurationPlatforms) = postSolution
		{350E84C6-1EBC-4F83-B22F-B45F906891BA}.Debug|Any CPU.ActiveCfg = Debug|Any CPU
		{350E84C6-1EBC-4F83-B22F-B45F906891BA}.Debug|Any CPU.Build.0 = Debug|Any CPU
		{350E84C6-1EBC-4F83-B22F-B45F906891BA}.Release|Any CPU.ActiveCfg = Release|Any CPU
		{350E84C6-1EBC-4F83-B22F-B45F906891BA}.Release|Any CPU.Build.0 = Release|Any CPU
	EndGlobalSection
	GlobalSection(SolutionProperties) = preSolution
		HideSolutionNode = FALSE
	EndGlobalSection
	GlobalSection(ExtensibilityGlobals) = postSolution
		SolutionGuid = {05589001-49A5-45C5-9D54-21C2C850006E}
	EndGlobalSection
EndGlobal
